
Microsoft Visual Studio Solution File, Format Version 12.00
# Visual Studio Version 17
VisualStudioVersion = 17.0.32014.148
MinimumVisualStudioVersion = 10.0.40219.1
Project("{9A19103F-16F7-4668-BE54-9A1E7A4F7556}") = "NetKubernetes", "NetKubernetes.csproj", "{C43937AC-30BE-4CA6-902E-B39A107529B4}"
EndProject
Global
	GlobalSection(SolutionConfigurationPlatforms) = preSolution
		Debug|Any CPU = Debug|Any CPU
		Release|Any CPU = Release|Any CPU
	EndGlobalSection
	GlobalSection(ProjectConfigurationPlatforms) = postSolution
		{C43937AC-30BE-4CA6-902E-B39A107529B4}.Debug|Any CPU.ActiveCfg = Debug|Any CPU
		{C43937AC-30BE-4CA6-902E-B39A107529B4}.Debug|Any CPU.Build.0 = Debug|Any CPU
		{C43937AC-30BE-4CA6-902E-B39A107529B4}.Release|Any CPU.ActiveCfg = Release|Any CPU
		{C43937AC-30BE-4CA6-902E-B39A107529B4}.Release|Any CPU.Build.0 = Release|Any CPU
	EndGlobalSection
	GlobalSection(SolutionProperties) = preSolution
		HideSolutionNode = FALSE
	EndGlobalSection
	GlobalSection(ExtensibilityGlobals) = postSolution
		SolutionGuid = {17BD03A4-9608-4B57-AE14-4A6AB73AD995}
	EndGlobalSection
EndGlobal
